
Microsoft Visual Studio Solution File, Format Version 12.00
# Visual Studio Version 17
VisualStudioVersion = 17.8.34525.116
MinimumVisualStudioVersion = 10.0.40219.1
Project("{9A19103F-16F7-4668-BE54-9A1E7A4F7556}") = "Primeiro Programa C# ALURA", "Primeiro Programa C# ALURA\Primeiro Programa C# ALURA.csproj", "{5D5F92AC-E325-4202-BB4E-6603B1FFF916}"
EndProject
Project("{9A19103F-16F7-4668-BE54-9A1E7A4F7556}") = "Testes e Atividades", "Testes e Atividades\Testes e Atividades.csproj", "{39005C92-A033-4944-BFD8-B907E2DE192D}"
EndProject
Project("{9A19103F-16F7-4668-BE54-9A1E7A4F7556}") = "EX 001 Advinhacão", "EX 001\EX 001 Advinhacão.csproj", "{8CA20FD9-19BB-4335-8627-01E5D7573420}"
EndProject
Project("{9A19103F-16F7-4668-BE54-9A1E7A4F7556}") = "EX 002", "EX 002\EX 002.csproj", "{23F63468-8AB6-4B5F-B2A7-F7451F4DDC4D}"
EndProject
Project("{9A19103F-16F7-4668-BE54-9A1E7A4F7556}") = "EX 003", "EX003\EX 003.csproj", "{BCCD9D2F-5B58-45FC-809F-3237661B440D}"
EndProject
Project("{9A19103F-16F7-4668-BE54-9A1E7A4F7556}") = "EX 004", "EX 004\EX 004.csproj", "{D91DE691-8BA7-47CE-9DA5-2C35AA6F2F62}"
EndProject
Project("{9A19103F-16F7-4668-BE54-9A1E7A4F7556}") = "EX 005", "EX 005\EX 005.csproj", "{E41B2399-056C-4765-A452-C74122A4B235}"
EndProject
Project("{9A19103F-16F7-4668-BE54-9A1E7A4F7556}") = "EX 006", "EX 006\EX 006.csproj", "{DA60C853-34B6-47C8-8802-7F077102FE2F}"
EndProject
Project("{9A19103F-16F7-4668-BE54-9A1E7A4F7556}") = "EX 007", "EX 007\EX 007.csproj", "{A806C2BC-DC38-49C8-BE2F-859DD29E50B5}"
EndProject
Project("{2150E333-8FDC-42A3-9474-1A3956D46DE8}") = "Ex", "Ex", "{BCD7E886-4281-486E-AE83-79A0BCA54359}"
EndProject
Global
	GlobalSection(SolutionConfigurationPlatforms) = preSolution
		Debug|Any CPU = Debug|Any CPU
		Release|Any CPU = Release|Any CPU
	EndGlobalSection
	GlobalSection(ProjectConfigurationPlatforms) = postSolution
		{5D5F92AC-E325-4202-BB4E-6603B1FFF916}.Debug|Any CPU.ActiveCfg = Debug|Any CPU
		{5D5F92AC-E325-4202-BB4E-6603B1FFF916}.Debug|Any CPU.Build.0 = Debug|Any CPU
		{5D5F92AC-E325-4202-BB4E-6603B1FFF916}.Release|Any CPU.ActiveCfg = Release|Any CPU
		{5D5F92AC-E325-4202-BB4E-6603B1FFF916}.Release|Any CPU.Build.0 = Release|Any CPU
		{39005C92-A033-4944-BFD8-B907E2DE192D}.Debug|Any CPU.ActiveCfg = Debug|Any CPU
		{39005C92-A033-4944-BFD8-B907E2DE192D}.Debug|Any CPU.Build.0 = Debug|Any CPU
		{39005C92-A033-4944-BFD8-B907E2DE192D}.Release|Any CPU.ActiveCfg = Release|Any CPU
		{39005C92-A033-4944-BFD8-B907E2DE192D}.Release|Any CPU.Build.0 = Release|Any CPU
		{8CA20FD9-19BB-4335-8627-01E5D7573420}.Debug|Any CPU.ActiveCfg = Debug|Any CPU
		{8CA20FD9-19BB-4335-8627-01E5D7573420}.Debug|Any CPU.Build.0 = Debug|Any CPU
		{8CA20FD9-19BB-4335-8627-01E5D7573420}.Release|Any CPU.ActiveCfg = Release|Any CPU
		{8CA20FD9-19BB-4335-8627-01E5D7573420}.Release|Any CPU.Build.0 = Release|Any CPU
		{23F63468-8AB6-4B5F-B2A7-F7451F4DDC4D}.Debug|Any CPU.ActiveCfg = Debug|Any CPU
		{23F63468-8AB6-4B5F-B2A7-F7451F4DDC4D}.Debug|Any CPU.Build.0 = Debug|Any CPU
		{23F63468-8AB6-4B5F-B2A7-F7451F4DDC4D}.Release|Any CPU.ActiveCfg = Release|Any CPU
		{23F63468-8AB6-4B5F-B2A7-F7451F4DDC4D}.Release|Any CPU.Build.0 = Release|Any CPU
		{BCCD9D2F-5B58-45FC-809F-3237661B440D}.Debug|Any CPU.ActiveCfg = Debug|Any CPU
		{BCCD9D2F-5B58-45FC-809F-3237661B440D}.Debug|Any CPU.Build.0 = Debug|Any CPU
		{BCCD9D2F-5B58-45FC-809F-3237661B440D}.Release|Any CPU.ActiveCfg = Release|Any CPU
		{BCCD9D2F-5B58-45FC-809F-3237661B440D}.Release|Any CPU.Build.0 = Release|Any CPU
		{D91DE691-8BA7-47CE-9DA5-2C35AA6F2F62}.Debug|Any CPU.ActiveCfg = Debug|Any CPU
		{D91DE691-8BA7-47CE-9DA5-2C35AA6F2F62}.Debug|Any CPU.Build.0 = Debug|Any CPU
		{D91DE691-8BA7-47CE-9DA5-2C35AA6F2F62}.Release|Any CPU.ActiveCfg = Release|Any CPU
		{D91DE691-8BA7-47CE-9DA5-2C35AA6F2F62}.Release|Any CPU.Build.0 = Release|Any CPU
		{E41B2399-056C-4765-A452-C74122A4B235}.Debug|Any CPU.ActiveCfg = Debug|Any CPU
		{E41B2399-056C-4765-A452-C74122A4B235}.Debug|Any CPU.Build.0 = Debug|Any CPU
		{E41B2399-056C-4765-A452-C74122A4B235}.Release|Any CPU.ActiveCfg = Release|Any CPU
		{E41B2399-056C-4765-A452-C74122A4B235}.Release|Any CPU.Build.0 = Release|Any CPU
		{DA60C853-34B6-47C8-8802-7F077102FE2F}.Debug|Any CPU.ActiveCfg = Debug|Any CPU
		{DA60C853-34B6-47C8-8802-7F077102FE2F}.Debug|Any CPU.Build.0 = Debug|Any CPU
		{DA60C853-34B6-47C8-8802-7F077102FE2F}.Release|Any CPU.ActiveCfg = Release|Any CPU
		{DA60C853-34B6-47C8-8802-7F077102FE2F}.Release|Any CPU.Build.0 = Release|Any CPU
		{A806C2BC-DC38-49C8-BE2F-859DD29E50B5}.Debug|Any CPU.ActiveCfg = Debug|Any CPU
		{A806C2BC-DC38-49C8-BE2F-859DD29E50B5}.Debug|Any CPU.Build.0 = Debug|Any CPU
		{A806C2BC-DC38-49C8-BE2F-859DD29E50B5}.Release|Any CPU.ActiveCfg = Release|Any CPU
		{A806C2BC-DC38-49C8-BE2F-859DD29E50B5}.Release|Any CPU.Build.0 = Release|Any CPU
	EndGlobalSection
	GlobalSection(SolutionProperties) = preSolution
		HideSolutionNode = FALSE
	EndGlobalSection
	GlobalSection(NestedProjects) = preSolution
		{8CA20FD9-19BB-4335-8627-01E5D7573420} = {BCD7E886-4281-486E-AE83-79A0BCA54359}
		{23F63468-8AB6-4B5F-B2A7-F7451F4DDC4D} = {BCD7E886-4281-486E-AE83-79A0BCA54359}
		{BCCD9D2F-5B58-45FC-809F-3237661B440D} = {BCD7E886-4281-486E-AE83-79A0BCA54359}
		{D91DE691-8BA7-47CE-9DA5-2C35AA6F2F62} = {BCD7E886-4281-486E-AE83-79A0BCA54359}
		{E41B2399-056C-4765-A452-C74122A4B235} = {BCD7E886-4281-486E-AE83-79A0BCA54359}
		{DA60C853-34B6-47C8-8802-7F077102FE2F} = {BCD7E886-4281-486E-AE83-79A0BCA54359}
		{A806C2BC-DC38-49C8-BE2F-859DD29E50B5} = {BCD7E886-4281-486E-AE83-79A0BCA54359}
	EndGlobalSection
	GlobalSection(ExtensibilityGlobals) = postSolution
		SolutionGuid = {67DE8D20-786C-4EC5-8A16-017A671FAB58}
	EndGlobalSection
EndGlobal
