
Microsoft Visual Studio Solution File, Format Version 12.00
# Visual Studio Version 17
VisualStudioVersion = 17.8.34525.116
MinimumVisualStudioVersion = 10.0.40219.1
Project("{9A19103F-16F7-4668-BE54-9A1E7A4F7556}") = "C# Orientado em Objetos ALURA", "C# Orientado em Objetos ALURA\C# Orientado em Objetos ALURA.csproj", "{5F86E9F9-1D58-4636-AA8A-19C529ACCF39}"
EndProject
Project("{9A19103F-16F7-4668-BE54-9A1E7A4F7556}") = "Ex 001", "Ex 001\Ex 001.csproj", "{69B1B75C-7214-4F97-AE2F-A82CA7BDA007}"
EndProject
Project("{9A19103F-16F7-4668-BE54-9A1E7A4F7556}") = "Ex 002", "Ex 002\Ex 002.csproj", "{375B5A11-0B05-4E3E-A236-DAC7CC13D594}"
EndProject
Project("{9A19103F-16F7-4668-BE54-9A1E7A4F7556}") = "Ex 004 Banco", "Ex 004 Banco\Ex 004 Banco.csproj", "{13484952-E3AF-4605-8298-75C5F782AF64}"
EndProject
Global
	GlobalSection(SolutionConfigurationPlatforms) = preSolution
		Debug|Any CPU = Debug|Any CPU
		Release|Any CPU = Release|Any CPU
	EndGlobalSection
	GlobalSection(ProjectConfigurationPlatforms) = postSolution
		{5F86E9F9-1D58-4636-AA8A-19C529ACCF39}.Debug|Any CPU.ActiveCfg = Debug|Any CPU
		{5F86E9F9-1D58-4636-AA8A-19C529ACCF39}.Debug|Any CPU.Build.0 = Debug|Any CPU
		{5F86E9F9-1D58-4636-AA8A-19C529ACCF39}.Release|Any CPU.ActiveCfg = Release|Any CPU
		{5F86E9F9-1D58-4636-AA8A-19C529ACCF39}.Release|Any CPU.Build.0 = Release|Any CPU
		{69B1B75C-7214-4F97-AE2F-A82CA7BDA007}.Debug|Any CPU.ActiveCfg = Debug|Any CPU
		{69B1B75C-7214-4F97-AE2F-A82CA7BDA007}.Debug|Any CPU.Build.0 = Debug|Any CPU
		{69B1B75C-7214-4F97-AE2F-A82CA7BDA007}.Release|Any CPU.ActiveCfg = Release|Any CPU
		{69B1B75C-7214-4F97-AE2F-A82CA7BDA007}.Release|Any CPU.Build.0 = Release|Any CPU
		{375B5A11-0B05-4E3E-A236-DAC7CC13D594}.Debug|Any CPU.ActiveCfg = Debug|Any CPU
		{375B5A11-0B05-4E3E-A236-DAC7CC13D594}.Debug|Any CPU.Build.0 = Debug|Any CPU
		{375B5A11-0B05-4E3E-A236-DAC7CC13D594}.Release|Any CPU.ActiveCfg = Release|Any CPU
		{375B5A11-0B05-4E3E-A236-DAC7CC13D594}.Release|Any CPU.Build.0 = Release|Any CPU
		{13484952-E3AF-4605-8298-75C5F782AF64}.Debug|Any CPU.ActiveCfg = Debug|Any CPU
		{13484952-E3AF-4605-8298-75C5F782AF64}.Debug|Any CPU.Build.0 = Debug|Any CPU
		{13484952-E3AF-4605-8298-75C5F782AF64}.Release|Any CPU.ActiveCfg = Release|Any CPU
		{13484952-E3AF-4605-8298-75C5F782AF64}.Release|Any CPU.Build.0 = Release|Any CPU
	EndGlobalSection
	GlobalSection(SolutionProperties) = preSolution
		HideSolutionNode = FALSE
	EndGlobalSection
	GlobalSection(ExtensibilityGlobals) = postSolution
		SolutionGuid = {70782EFB-CA3C-43A6-8F5F-5B7F04A6E61B}
	EndGlobalSection
EndGlobal
